camlistore.org v0.0.0-20171230002226-a5a65f0d8b22 h1:VP9VuyosMHmS9zdzd5Co9TJKWPbMTfmtKc/XWctszyQ=
camlistore.org v0.0.0-20171230002226-a5a65f0d8b22/go.mod h1:mzAP6ICVzPdfO0f3N9hAVWhO7qplHF7mbFhGsGdErTI=
github.com/DAddYE/vips v0.0.0-20170307215529-87cfaf94f7a1 h1:PqN67eMwgNYHsMK/f/0cmgfeqIgdFVgzGKsP1VxJwfc=
github.com/DAddYE/vips v0.0.0-20170307215529-87cfaf94f7a1/go.mod h1:Z/yQH1IJmSrzXxhNX0AJ4t4cCccw0KryeyvTrxo68j8=
github.com/anthonynsimon/bild v0.10.0 h1:Mhqk6Latm2snVkfT2LCjh3ostMBsSlv/YgsQCpgPFSc=
github.com/anthonynsimon/bild v0.10.0/go.mod h1:rY8HbNSqiIVRGquP67cbI8etkQGyCZzQ5Fkp0MdtXCQ=
github.com/bamiaux/rez v0.0.0-20170731184118-29f4463c688b h1:5Ci5wpOL75rYF6RQGRoqhEAU6xLJ6n/D4SckXX1yB74=
github.com/bamiaux/rez v0.0.0-20170731184118-29f4463c688b/go.mod h1:obBQGGIFbbv9KWg92Qu9UHeD94JXmHD1jovY/z6I3O8=
github.com/daddye/trez v0.0.0-20141126044701-9e7d4344bceb h1:hl9Pb37fOfXPA6nkroYYkxH1oOrHxOH3Ey5Hd5ngEGE=
github.com/daddye/trez v0.0.0-20141126044701-9e7d4344bceb/go.mod h1:dZrZfUk5ZpFXvvCPLdiyKMLvGiTbKKWvQx8HjkCpc9g=
github.com/davecgh/go-spew v1.1.1 h1:vj9j/u1bqnvCEfJOwUhtlOARqs3+rkHYY13jYWTU97c=
github.com/davecgh/go-spew v1.1.1/go.mod h1:J7Y8YcW2NihsgmVo/mv3lAwl/skON4iLHjSsI+c5H38=
github.com/disintegration/gift v1.2.1 h1:Y005a1X4Z7Uc+0gLpSAsKhWi4qLtsdEcMIbbdvdZ6pc=
github.com/disintegration/gift v1.2.1/go.mod h1:Jh2i7f7Q2BM7Ezno3PhfezbR1xpUg9dUg3/RlKGr4HI=
github.com/disintegration/imaging v1.6.2 h1:w1LecBlG2Lnp8B3jk5zSuNqd7b4DXhcjwek1ei82L+c=
github.com/disintegration/imaging v1.6.2/go.mod h1:44/5580QXChDfwIclfc/PCwrr44amcmDAg8hxG0Ewe4=
github.com/lazywei/go-opencv v0.0.0-20190115070742-a4fe8ec027cc h1:Eo/8ytR1c43l4AAoxT5A26wKUpS/hr8JTRCmPEUiu9Q=
github.com/lazywei/go-opencv v0.0.0-20190115070742-a4fe8ec027cc/go.mod h1:NzTIqhnXetOqnR7TfHJuIonF3nQ2y9yC51OvfXcKpn8=
github.com/nfnt/resize v0.0.0-20180221191011-83c6a9932646 h1:zYyBkD/k9seD2A7fsi6Oo2LfFZAehjjQMERAvZLEDnQ=
github.com/nfnt/resize v0.0.0-20180221191011-83c6a9932646/go.mod h1:jpp1/29i3P1S/RLdc7JQKbRpFeM1dOBd8T9ki5s+AY8=
github.com/pmezard/go-difflib v1.0.0 h1:4DBwDE0NGyQoBHbLQYPwSUPoCMWR5BEzIk/f1lZbAQM=
github.com/pmezard/go-difflib v1.0.0/go.mod h1:iKH77koFhYxTK1pcRnkKkqfTogsbg7gZNVY4sRDYZ/4=
github.com/stretchr/testify v1.11.1 h1:7s2iGBzp5EwR7/aIZr8ao5+dra3wiQyKjjFuvgVKu7U=
github.com/stretchr/testify v1.11.1/go.mod h1:wZwfW3scLgRK+23gO65QZefKpKQRnfz6sD981Nm4B6U=
go4.org v0.0.0-20260112195520-a5071408f32f h1:ziUVAjmTPwQMBmYR1tbdRFJPtTcQUI12fH9QQjfb0Sw=
go4.org v0.0.0-20260112195520-a5071408f32f/go.mod h1:ZRJnO5ZI4zAwMFp+dS1+V6J6MSyAowhRqAE+DPa1Xp0=
golang.org/x/image v0.0.0-20191009234506-e7c1f5e7dbb8/go.mod h1:FeLwcggjj3mMvU+oOTbSwawSJRM1uh48EjtB4UJZlP0=
golang.org/x/image v0.44.0 h1:+tDekMZED9+LrtB3G5xzRggpVh9CARjZqROla3R3R+I=
golang.org/x/image v0.44.0/go.mod h1:V8K3KE9KKKE+pLpQDOeN18w9oacNSvy1tDOirTu4xtY=
golang.org/x/text v0.3.0/go.mod h1:NqM8EUOU14njkJ3fqMW+pc6Ldnwhi/IjpwHt7yyuwOQ=
gopkg.in/gographics/imagick.v2 v2.7.1 h1:7k8qhqYwF093KJ/vmWJHoOkI9zzLOhL/h2qt5LFc7iw=
gopkg.in/gographics/imagick.v2 v2.7.1/go.mod h1:i87+p+KdGE2FerYMoj6JWEqsmpTWyYM8LQqMDtu5Hws=
gopkg.in/yaml.v3 v3.0.1 h1:fxVm/GzAzEWqLHuvctI91KS9hhNmmWOoWu0XTYJS7CA=
gopkg.in/yaml.v3 v3.0.1/go.mod h1:K4uyk7z7BCEPqu6E+C64Yfv1cQ7kz7rIZviUmN+EgEM=
